Microsoft Visual Studio Solution File, Format Version 12.00
# Visual Studio 2012
Project("{FAE04EC0-301F-11D3-BF4B-00C04F79EFBC}") = "GMTK2025", "GMTK2025.csproj", "{65FD1F15-6C74-401D-8719-52705FA5F71D}"
EndProject
Global
	GlobalSection(SolutionConfigurationPlatforms) = preSolution
	Debug|Any CPU = Debug|Any CPU
	ExportDebug|Any CPU = ExportDebug|Any CPU
	ExportRelease|Any CPU = ExportRelease|Any CPU
	EndGlobalSection
	GlobalSection(ProjectConfigurationPlatforms) = postSolution
		{65FD1F15-6C74-401D-8719-52705FA5F71D}.Debug|Any CPU.ActiveCfg = Debug|Any CPU
		{65FD1F15-6C74-401D-8719-52705FA5F71D}.Debug|Any CPU.Build.0 = Debug|Any CPU
		{65FD1F15-6C74-401D-8719-52705FA5F71D}.ExportDebug|Any CPU.ActiveCfg = ExportDebug|Any CPU
		{65FD1F15-6C74-401D-8719-52705FA5F71D}.ExportDebug|Any CPU.Build.0 = ExportDebug|Any CPU
		{65FD1F15-6C74-401D-8719-52705FA5F71D}.ExportRelease|Any CPU.ActiveCfg = ExportRelease|Any CPU
		{65FD1F15-6C74-401D-8719-52705FA5F71D}.ExportRelease|Any CPU.Build.0 = ExportRelease|Any CPU
	EndGlobalSection
EndGlobal
